
Microsoft Visual Studio Solution File, Format Version 12.00
# Visual Studio 14
VisualStudioVersion = 14.0.25420.1
MinimumVisualStudioVersion = 10.0.40219.1
Project("{FAE04EC0-301F-11D3-BF4B-00C04F79EFBC}") = "Selenium_g_y_proj", "Selenium_g_y_proj\Selenium_g_y_proj.csproj", "{60259F1D-5553-4DB8-AE5D-DCB26EFDA16A}"
EndProject
Global
	GlobalSection(SolutionConfigurationPlatforms) = preSolution
		Debug|Any CPU = Debug|Any CPU
		Release|Any CPU = Release|Any CPU
	EndGlobalSection
	GlobalSection(ProjectConfigurationPlatforms) = postSolution
		{60259F1D-5553-4DB8-AE5D-DCB26EFDA16A}.Debug|Any CPU.ActiveCfg = Debug|Any CPU
		{60259F1D-5553-4DB8-AE5D-DCB26EFDA16A}.Debug|Any CPU.Build.0 = Debug|Any CPU
		{60259F1D-5553-4DB8-AE5D-DCB26EFDA16A}.Release|Any CPU.ActiveCfg = Release|Any CPU
		{60259F1D-5553-4DB8-AE5D-DCB26EFDA16A}.Release|Any CPU.Build.0 = Release|Any CPU
	EndGlobalSection
	GlobalSection(SolutionProperties) = preSolution
		HideSolutionNode = FALSE
	EndGlobalSection
EndGlobal
